
Microsoft Visual Studio Solution File, Format Version 12.00
# Visual Studio Version 17
VisualStudioVersion = 17.0.31903.59
MinimumVisualStudioVersion = 10.0.40219.1
Project("{FAE04EC0-301F-11D3-BF4B-00C04F79EFBC}") = "AgValoniaGPS.Models", "Shared\AgValoniaGPS.Models\AgValoniaGPS.Models.csproj", "{A1B2C3D4-1111-2222-3333-444455556666}"
EndProject
Project("{FAE04EC0-301F-11D3-BF4B-00C04F79EFBC}") = "AgValoniaGPS.Services", "Shared\AgValoniaGPS.Services\AgValoniaGPS.Services.csproj", "{A1B2C3D4-1111-2222-3333-444455557777}"
EndProject
Project("{FAE04EC0-301F-11D3-BF4B-00C04F79EFBC}") = "AgValoniaGPS.ViewModels", "Shared\AgValoniaGPS.ViewModels\AgValoniaGPS.ViewModels.csproj", "{A1B2C3D4-1111-2222-3333-444455558888}"
EndProject
Project("{FAE04EC0-301F-11D3-BF4B-00C04F79EFBC}") = "AgValoniaGPS.Desktop", "Platforms\AgValoniaGPS.Desktop\AgValoniaGPS.Desktop.csproj", "{A1B2C3D4-1111-2222-3333-444455559999}"
EndProject
Project("{FAE04EC0-301F-11D3-BF4B-00C04F79EFBC}") = "AgValoniaGPS.iOS", "Platforms\AgValoniaGPS.iOS\AgValoniaGPS.iOS.csproj", "{A1B2C3D4-1111-2222-3333-44445555AAAA}"
EndProject
Project("{2150E333-8FDC-42A3-9474-1A3956D46DE8}") = "Shared", "Shared", "{4F52FD11-658E-A102-6CD3-7D7C16FFA15B}"
EndProject
Project("{FAE04EC0-301F-11D3-BF4B-00C04F79EFBC}") = "AgValoniaGPS.Views", "Shared\AgValoniaGPS.Views\AgValoniaGPS.Views.csproj", "{6F3AAAFC-B9DA-4A0D-B7EF-117A8D79FE48}"
EndProject
Project("{2150E333-8FDC-42A3-9474-1A3956D46DE8}") = "Platforms", "Platforms", "{324791A1-5798-203D-0CA6-A8E0DAEC81C8}"
EndProject
Project("{FAE04EC0-301F-11D3-BF4B-00C04F79EFBC}") = "AgValoniaGPS.Android", "Platforms\AgValoniaGPS.Android\AgValoniaGPS.Android.csproj", "{567ED141-DCBE-4632-95FB-3D3C5ADBF84C}"
EndProject
Project("{2150E333-8FDC-42A3-9474-1A3956D46DE8}") = "Tests", "Tests", "{0AB3BF05-4346-4AA6-1389-037BE0695223}"
EndProject
Project("{FAE04EC0-301F-11D3-BF4B-00C04F79EFBC}") = "AgValoniaGPS.Models.Tests", "Tests\AgValoniaGPS.Models.Tests\AgValoniaGPS.Models.Tests.csproj", "{5FBEB54F-D91F-48E8-9FC5-268A89FE821B}"
EndProject
Project("{FAE04EC0-301F-11D3-BF4B-00C04F79EFBC}") = "AgValoniaGPS.Services.Tests", "Tests\AgValoniaGPS.Services.Tests\AgValoniaGPS.Services.Tests.csproj", "{36B31CF8-F762-4767-8A87-32AB5BC72E26}"
EndProject
Project("{FAE04EC0-301F-11D3-BF4B-00C04F79EFBC}") = "AgValoniaGPS.UI.Tests", "Tests\AgValoniaGPS.UI.Tests\AgValoniaGPS.UI.Tests.csproj", "{84DCD742-8E48-4579-90C1-4FF9D1820FDA}"
EndProject
Project("{FAE04EC0-301F-11D3-BF4B-00C04F79EFBC}") = "AgValoniaGPS.ViewModels.Tests", "Tests\AgValoniaGPS.ViewModels.Tests\AgValoniaGPS.ViewModels.Tests.csproj", "{6FDD0F8C-981C-4F77-BCFE-0CD17ED91D7A}"
EndProject
Global
	GlobalSection(SolutionConfigurationPlatforms) = preSolution
		Debug|Any CPU = Debug|Any CPU
		Debug|x64 = Debug|x64
		Debug|x86 = Debug|x86
		Release|Any CPU = Release|Any CPU
		Release|x64 = Release|x64
		Release|x86 = Release|x86
	EndGlobalSection
	GlobalSection(ProjectConfigurationPlatforms) = postSolution
		{A1B2C3D4-1111-2222-3333-444455556666}.Debug|Any CPU.ActiveCfg = Debug|Any CPU
		{A1B2C3D4-1111-2222-3333-444455556666}.Debug|Any CPU.Build.0 = Debug|Any CPU
		{A1B2C3D4-1111-2222-3333-444455556666}.Debug|x64.ActiveCfg = Debug|Any CPU
		{A1B2C3D4-1111-2222-3333-444455556666}.Debug|x64.Build.0 = Debug|Any CPU
		{A1B2C3D4-1111-2222-3333-444455556666}.Debug|x86.ActiveCfg = Debug|Any CPU
		{A1B2C3D4-1111-2222-3333-444455556666}.Debug|x86.Build.0 = Debug|Any CPU
		{A1B2C3D4-1111-2222-3333-444455556666}.Release|Any CPU.ActiveCfg = Release|Any CPU
		{A1B2C3D4-1111-2222-3333-444455556666}.Release|Any CPU.Build.0 = Release|Any CPU
		{A1B2C3D4-1111-2222-3333-444455556666}.Release|x64.ActiveCfg = Release|Any CPU
		{A1B2C3D4-1111-2222-3333-444455556666}.Release|x64.Build.0 = Release|Any CPU
		{A1B2C3D4-1111-2222-3333-444455556666}.Release|x86.ActiveCfg = Release|Any CPU
		{A1B2C3D4-1111-2222-3333-444455556666}.Release|x86.Build.0 = Release|Any CPU
		{A1B2C3D4-1111-2222-3333-444455557777}.Debug|Any CPU.ActiveCfg = Debug|Any CPU
		{A1B2C3D4-1111-2222-3333-444455557777}.Debug|Any CPU.Build.0 = Debug|Any CPU
		{A1B2C3D4-1111-2222-3333-444455557777}.Debug|x64.ActiveCfg = Debug|Any CPU
		{A1B2C3D4-1111-2222-3333-444455557777}.Debug|x64.Build.0 = Debug|Any CPU
		{A1B2C3D4-1111-2222-3333-444455557777}.Debug|x86.ActiveCfg = Debug|Any CPU
		{A1B2C3D4-1111-2222-3333-444455557777}.Debug|x86.Build.0 = Debug|Any CPU
		{A1B2C3D4-1111-2222-3333-444455557777}.Release|Any CPU.ActiveCfg = Release|Any CPU
		{A1B2C3D4-1111-2222-3333-444455557777}.Release|Any CPU.Build.0 = Release|Any CPU
		{A1B2C3D4-1111-2222-3333-444455557777}.Release|x64.ActiveCfg = Release|Any CPU
		{A1B2C3D4-1111-2222-3333-444455557777}.Release|x64.Build.0 = Release|Any CPU
		{A1B2C3D4-1111-2222-3333-444455557777}.Release|x86.ActiveCfg = Release|Any CPU
		{A1B2C3D4-1111-2222-3333-444455557777}.Release|x86.Build.0 = Release|Any CPU
		{A1B2C3D4-1111-2222-3333-444455558888}.Debug|Any CPU.ActiveCfg = Debug|Any CPU
		{A1B2C3D4-1111-2222-3333-444455558888}.Debug|Any CPU.Build.0 = Debug|Any CPU
		{A1B2C3D4-1111-2222-3333-444455558888}.Debug|x64.ActiveCfg = Debug|Any CPU
		{A1B2C3D4-1111-2222-3333-444455558888}.Debug|x64.Build.0 = Debug|Any CPU
		{A1B2C3D4-1111-2222-3333-444455558888}.Debug|x86.ActiveCfg = Debug|Any CPU
		{A1B2C3D4-1111-2222-3333-444455558888}.Debug|x86.Build.0 = Debug|Any CPU
		{A1B2C3D4-1111-2222-3333-444455558888}.Release|Any CPU.ActiveCfg = Release|Any CPU
		{A1B2C3D4-1111-2222-3333-444455558888}.Release|Any CPU.Build.0 = Release|Any CPU
		{A1B2C3D4-1111-2222-3333-444455558888}.Release|x64.ActiveCfg = Release|Any CPU
		{A1B2C3D4-1111-2222-3333-444455558888}.Release|x64.Build.0 = Release|Any CPU
		{A1B2C3D4-1111-2222-3333-444455558888}.Release|x86.ActiveCfg = Release|Any CPU
		{A1B2C3D4-1111-2222-3333-444455558888}.Release|x86.Build.0 = Release|Any CPU
		{A1B2C3D4-1111-2222-3333-444455559999}.Debug|Any CPU.ActiveCfg = Debug|Any CPU
		{A1B2C3D4-1111-2222-3333-444455559999}.Debug|Any CPU.Build.0 = Debug|Any CPU
		{A1B2C3D4-1111-2222-3333-444455559999}.Debug|x64.ActiveCfg = Debug|Any CPU
		{A1B2C3D4-1111-2222-3333-444455559999}.Debug|x64.Build.0 = Debug|Any CPU
		{A1B2C3D4-1111-2222-3333-444455559999}.Debug|x86.ActiveCfg = Debug|Any CPU
		{A1B2C3D4-1111-2222-3333-444455559999}.Debug|x86.Build.0 = Debug|Any CPU
		{A1B2C3D4-1111-2222-3333-444455559999}.Release|Any CPU.ActiveCfg = Release|Any CPU
		{A1B2C3D4-1111-2222-3333-444455559999}.Release|Any CPU.Build.0 = Release|Any CPU
		{A1B2C3D4-1111-2222-3333-444455559999}.Release|x64.ActiveCfg = Release|Any CPU
		{A1B2C3D4-1111-2222-3333-444455559999}.Release|x64.Build.0 = Release|Any CPU
		{A1B2C3D4-1111-2222-3333-444455559999}.Release|x86.ActiveCfg = Release|Any CPU
		{A1B2C3D4-1111-2222-3333-444455559999}.Release|x86.Build.0 = Release|Any CPU
		{A1B2C3D4-1111-2222-3333-44445555AAAA}.Debug|Any CPU.ActiveCfg = Debug|Any CPU
		{A1B2C3D4-1111-2222-3333-44445555AAAA}.Debug|Any CPU.Build.0 = Debug|Any CPU
		{A1B2C3D4-1111-2222-3333-44445555AAAA}.Debug|x64.ActiveCfg = Debug|Any CPU
		{A1B2C3D4-1111-2222-3333-44445555AAAA}.Debug|x64.Build.0 = Debug|Any CPU
		{A1B2C3D4-1111-2222-3333-44445555AAAA}.Debug|x86.ActiveCfg = Debug|Any CPU
		{A1B2C3D4-1111-2222-3333-44445555AAAA}.Debug|x86.Build.0 = Debug|Any CPU
		{A1B2C3D4-1111-2222-3333-44445555AAAA}.Release|Any CPU.ActiveCfg = Release|Any CPU
		{A1B2C3D4-1111-2222-3333-44445555AAAA}.Release|Any CPU.Build.0 = Release|Any CPU
		{A1B2C3D4-1111-2222-3333-44445555AAAA}.Release|x64.ActiveCfg = Release|Any CPU
		{A1B2C3D4-1111-2222-3333-44445555AAAA}.Release|x64.Build.0 = Release|Any CPU
		{A1B2C3D4-1111-2222-3333-44445555AAAA}.Release|x86.ActiveCfg = Release|Any CPU
		{A1B2C3D4-1111-2222-3333-44445555AAAA}.Release|x86.Build.0 = Release|Any CPU
		{6F3AAAFC-B9DA-4A0D-B7EF-117A8D79FE48}.Debug|Any CPU.ActiveCfg = Debug|Any CPU
		{6F3AAAFC-B9DA-4A0D-B7EF-117A8D79FE48}.Debug|Any CPU.Build.0 = Debug|Any CPU
		{6F3AAAFC-B9DA-4A0D-B7EF-117A8D79FE48}.Debug|x64.ActiveCfg = Debug|Any CPU
		{6F3AAAFC-B9DA-4A0D-B7EF-117A8D79FE48}.Debug|x64.Build.0 = Debug|Any CPU
		{6F3AAAFC-B9DA-4A0D-B7EF-117A8D79FE48}.Debug|x86.ActiveCfg = Debug|Any CPU
		{6F3AAAFC-B9DA-4A0D-B7EF-117A8D79FE48}.Debug|x86.Build.0 = Debug|Any CPU
		{6F3AAAFC-B9DA-4A0D-B7EF-117A8D79FE48}.Release|Any CPU.ActiveCfg = Release|Any CPU
		{6F3AAAFC-B9DA-4A0D-B7EF-117A8D79FE48}.Release|Any CPU.Build.0 = Release|Any CPU
		{6F3AAAFC-B9DA-4A0D-B7EF-117A8D79FE48}.Release|x64.ActiveCfg = Release|Any CPU
		{6F3AAAFC-B9DA-4A0D-B7EF-117A8D79FE48}.Release|x64.Build.0 = Release|Any CPU
		{6F3AAAFC-B9DA-4A0D-B7EF-117A8D79FE48}.Release|x86.ActiveCfg = Release|Any CPU
		{6F3AAAFC-B9DA-4A0D-B7EF-117A8D79FE48}.Release|x86.Build.0 = Release|Any CPU
		{567ED141-DCBE-4632-95FB-3D3C5ADBF84C}.Debug|Any CPU.ActiveCfg = Debug|Any CPU
		{567ED141-DCBE-4632-95FB-3D3C5ADBF84C}.Debug|Any CPU.Build.0 = Debug|Any CPU
		{567ED141-DCBE-4632-95FB-3D3C5ADBF84C}.Debug|x64.ActiveCfg = Debug|Any CPU
		{567ED141-DCBE-4632-95FB-3D3C5ADBF84C}.Debug|x64.Build.0 = Debug|Any CPU
		{567ED141-DCBE-4632-95FB-3D3C5ADBF84C}.Debug|x86.ActiveCfg = Debug|Any CPU
		{567ED141-DCBE-4632-95FB-3D3C5ADBF84C}.Debug|x86.Build.0 = Debug|Any CPU
		{567ED141-DCBE-4632-95FB-3D3C5ADBF84C}.Release|Any CPU.ActiveCfg = Release|Any CPU
		{567ED141-DCBE-4632-95FB-3D3C5ADBF84C}.Release|Any CPU.Build.0 = Release|Any CPU
		{567ED141-DCBE-4632-95FB-3D3C5ADBF84C}.Release|x64.ActiveCfg = Release|Any CPU
		{567ED141-DCBE-4632-95FB-3D3C5ADBF84C}.Release|x64.Build.0 = Release|Any CPU
		{567ED141-DCBE-4632-95FB-3D3C5ADBF84C}.Release|x86.ActiveCfg = Release|Any CPU
		{567ED141-DCBE-4632-95FB-3D3C5ADBF84C}.Release|x86.Build.0 = Release|Any CPU
		{5FBEB54F-D91F-48E8-9FC5-268A89FE821B}.Debug|Any CPU.ActiveCfg = Debug|Any CPU
		{5FBEB54F-D91F-48E8-9FC5-268A89FE821B}.Debug|Any CPU.Build.0 = Debug|Any CPU
		{5FBEB54F-D91F-48E8-9FC5-268A89FE821B}.Debug|x64.ActiveCfg = Debug|Any CPU
		{5FBEB54F-D91F-48E8-9FC5-268A89FE821B}.Debug|x64.Build.0 = Debug|Any CPU
		{5FBEB54F-D91F-48E8-9FC5-268A89FE821B}.Debug|x86.ActiveCfg = Debug|Any CPU
		{5FBEB54F-D91F-48E8-9FC5-268A89FE821B}.Debug|x86.Build.0 = Debug|Any CPU
		{5FBEB54F-D91F-48E8-9FC5-268A89FE821B}.Release|Any CPU.ActiveCfg = Release|Any CPU
		{5FBEB54F-D91F-48E8-9FC5-268A89FE821B}.Release|Any CPU.Build.0 = Release|Any CPU
		{5FBEB54F-D91F-48E8-9FC5-268A89FE821B}.Release|x64.ActiveCfg = Release|Any CPU
		{5FBEB54F-D91F-48E8-9FC5-268A89FE821B}.Release|x64.Build.0 = Release|Any CPU
		{5FBEB54F-D91F-48E8-9FC5-268A89FE821B}.Release|x86.ActiveCfg = Release|Any CPU
		{5FBEB54F-D91F-48E8-9FC5-268A89FE821B}.Release|x86.Build.0 = Release|Any CPU
		{36B31CF8-F762-4767-8A87-32AB5BC72E26}.Debug|Any CPU.ActiveCfg = Debug|Any CPU
		{36B31CF8-F762-4767-8A87-32AB5BC72E26}.Debug|Any CPU.Build.0 = Debug|Any CPU
		{36B31CF8-F762-4767-8A87-32AB5BC72E26}.Debug|x64.ActiveCfg = Debug|Any CPU
		{36B31CF8-F762-4767-8A87-32AB5BC72E26}.Debug|x64.Build.0 = Debug|Any CPU
		{36B31CF8-F762-4767-8A87-32AB5BC72E26}.Debug|x86.ActiveCfg = Debug|Any CPU
		{36B31CF8-F762-4767-8A87-32AB5BC72E26}.Debug|x86.Build.0 = Debug|Any CPU
		{36B31CF8-F762-4767-8A87-32AB5BC72E26}.Release|Any CPU.ActiveCfg = Release|Any CPU
		{36B31CF8-F762-4767-8A87-32AB5BC72E26}.Release|Any CPU.Build.0 = Release|Any CPU
		{36B31CF8-F762-4767-8A87-32AB5BC72E26}.Release|x64.ActiveCfg = Release|Any CPU
		{36B31CF8-F762-4767-8A87-32AB5BC72E26}.Release|x64.Build.0 = Release|Any CPU
		{36B31CF8-F762-4767-8A87-32AB5BC72E26}.Release|x86.ActiveCfg = Release|Any CPU
		{36B31CF8-F762-4767-8A87-32AB5BC72E26}.Release|x86.Build.0 = Release|Any CPU
		{84DCD742-8E48-4579-90C1-4FF9D1820FDA}.Debug|Any CPU.ActiveCfg = Debug|Any CPU
		{84DCD742-8E48-4579-90C1-4FF9D1820FDA}.Debug|Any CPU.Build.0 = Debug|Any CPU
		{84DCD742-8E48-4579-90C1-4FF9D1820FDA}.Debug|x64.ActiveCfg = Debug|Any CPU
		{84DCD742-8E48-4579-90C1-4FF9D1820FDA}.Debug|x64.Build.0 = Debug|Any CPU
		{84DCD742-8E48-4579-90C1-4FF9D1820FDA}.Debug|x86.ActiveCfg = Debug|Any CPU
		{84DCD742-8E48-4579-90C1-4FF9D1820FDA}.Debug|x86.Build.0 = Debug|Any CPU
		{84DCD742-8E48-4579-90C1-4FF9D1820FDA}.Release|Any CPU.ActiveCfg = Release|Any CPU
		{84DCD742-8E48-4579-90C1-4FF9D1820FDA}.Release|Any CPU.Build.0 = Release|Any CPU
		{84DCD742-8E48-4579-90C1-4FF9D1820FDA}.Release|x64.ActiveCfg = Release|Any CPU
		{84DCD742-8E48-4579-90C1-4FF9D1820FDA}.Release|x64.Build.0 = Release|Any CPU
		{84DCD742-8E48-4579-90C1-4FF9D1820FDA}.Release|x86.ActiveCfg = Release|Any CPU
		{84DCD742-8E48-4579-90C1-4FF9D1820FDA}.Release|x86.Build.0 = Release|Any CPU
		{6FDD0F8C-981C-4F77-BCFE-0CD17ED91D7A}.Debug|Any CPU.ActiveCfg = Debug|Any CPU
		{6FDD0F8C-981C-4F77-BCFE-0CD17ED91D7A}.Debug|Any CPU.Build.0 = Debug|Any CPU
		{6FDD0F8C-981C-4F77-BCFE-0CD17ED91D7A}.Debug|x64.ActiveCfg = Debug|Any CPU
		{6FDD0F8C-981C-4F77-BCFE-0CD17ED91D7A}.Debug|x64.Build.0 = Debug|Any CPU
		{6FDD0F8C-981C-4F77-BCFE-0CD17ED91D7A}.Debug|x86.ActiveCfg = Debug|Any CPU
		{6FDD0F8C-981C-4F77-BCFE-0CD17ED91D7A}.Debug|x86.Build.0 = Debug|Any CPU
		{6FDD0F8C-981C-4F77-BCFE-0CD17ED91D7A}.Release|Any CPU.ActiveCfg = Release|Any CPU
		{6FDD0F8C-981C-4F77-BCFE-0CD17ED91D7A}.Release|Any CPU.Build.0 = Release|Any CPU
		{6FDD0F8C-981C-4F77-BCFE-0CD17ED91D7A}.Release|x64.ActiveCfg = Release|Any CPU
		{6FDD0F8C-981C-4F77-BCFE-0CD17ED91D7A}.Release|x64.Build.0 = Release|Any CPU
		{6FDD0F8C-981C-4F77-BCFE-0CD17ED91D7A}.Release|x86.ActiveCfg = Release|Any CPU
		{6FDD0F8C-981C-4F77-BCFE-0CD17ED91D7A}.Release|x86.Build.0 = Release|Any CPU
	EndGlobalSection
	GlobalSection(SolutionProperties) = preSolution
		HideSolutionNode = FALSE
	EndGlobalSection
	GlobalSection(NestedProjects) = preSolution
		{6F3AAAFC-B9DA-4A0D-B7EF-117A8D79FE48} = {4F52FD11-658E-A102-6CD3-7D7C16FFA15B}
		{567ED141-DCBE-4632-95FB-3D3C5ADBF84C} = {324791A1-5798-203D-0CA6-A8E0DAEC81C8}
		{5FBEB54F-D91F-48E8-9FC5-268A89FE821B} = {0AB3BF05-4346-4AA6-1389-037BE0695223}
		{36B31CF8-F762-4767-8A87-32AB5BC72E26} = {0AB3BF05-4346-4AA6-1389-037BE0695223}
		{84DCD742-8E48-4579-90C1-4FF9D1820FDA} = {0AB3BF05-4346-4AA6-1389-037BE0695223}
		{6FDD0F8C-981C-4F77-BCFE-0CD17ED91D7A} = {0AB3BF05-4346-4AA6-1389-037BE0695223}
	EndGlobalSection
EndGlobal
